// !$*UTF8*$!
{
	archiveVersion = 1;
	classes = {
	};
	objectVersion = 56;
	objects = {

/* Begin PBXBuildFile section */
		6002B21A2A81848600847727 /* LoginView.swift in Sources */ = {isa = PBXBuildFile; fileRef = 6002B2192A81848600847727 /* LoginView.swift */; };
		6002B21E2A8185AC00847727 /* GradientText.swift in Sources */ = {isa = PBXBuildFile; fileRef = 6002B21D2A8185AC00847727 /* GradientText.swift */; };
		6002B2202A818B4B00847727 /* GoogleService-Info.plist in Resources */ = {isa = PBXBuildFile; fileRef = 6002B21F2A818B4B00847727 /* GoogleService-Info.plist */; };
		6002B2232A818B8F00847727 /* FirebaseAnalytics in Frameworks */ = {isa = PBXBuildFile; productRef = 6002B2222A818B8F00847727 /* FirebaseAnalytics */; };
		6002B2252A818B8F00847727 /* FirebaseAuth in Frameworks */ = {isa = PBXBuildFile; productRef = 6002B2242A818B8F00847727 /* FirebaseAuth */; };
		6002B2272A818B8F00847727 /* FirebaseFirestore in Frameworks */ = {isa = PBXBuildFile; productRef = 6002B2262A818B8F00847727 /* FirebaseFirestore */; };
		6002B22C2A818D4000847727 /* User.swift in Sources */ = {isa = PBXBuildFile; fileRef = 6002B22B2A818D4000847727 /* User.swift */; };
		6002B22F2A818DC800847727 /* AuthViewModel.swift in Sources */ = {isa = PBXBuildFile; fileRef = 6002B22E2A818DC800847727 /* AuthViewModel.swift */; };
		6002B2312A81905900847727 /* Auth.swift in Sources */ = {isa = PBXBuildFile; fileRef = 6002B2302A81905900847727 /* Auth.swift */; };
		601C56152A8047900097BCBA /* HomeView.swift in Sources */ = {isa = PBXBuildFile; fileRef = 601C56142A8047900097BCBA /* HomeView.swift */; };
		601C562D2A804F440097BCBA /* PrimaryButton.swift in Sources */ = {isa = PBXBuildFile; fileRef = 601C562C2A804F440097BCBA /* PrimaryButton.swift */; };
		601C562F2A804FC40097BCBA /* SignUpView.swift in Sources */ = {isa = PBXBuildFile; fileRef = 601C562E2A804FC40097BCBA /* SignUpView.swift */; };
		601C56372A8052590097BCBA /* InputTemplate.swift in Sources */ = {isa = PBXBuildFile; fileRef = 601C56362A8052590097BCBA /* InputTemplate.swift */; };
		601C56392A8053E30097BCBA /* SecondaryButton.swift in Sources */ = {isa = PBXBuildFile; fileRef = 601C56382A8053E30097BCBA /* SecondaryButton.swift */; };
		607C392D2A8045A1004AB45F /* TaskManagerApp.swift in Sources */ = {isa = PBXBuildFile; fileRef = 607C392C2A8045A1004AB45F /* TaskManagerApp.swift */; };
		607C39312A8045A2004AB45F /* Assets.xcassets in Resources */ = {isa = PBXBuildFile; fileRef = 607C39302A8045A2004AB45F /* Assets.xcassets */; };
		607C39342A8045A2004AB45F /* Preview Assets.xcassets in Resources */ = {isa = PBXBuildFile; fileRef = 607C39332A8045A2004AB45F /* Preview Assets.xcassets */; };
		609C74342A819A83007D7F40 /* SignUpForm.swift in Sources */ = {isa = PBXBuildFile; fileRef = 609C74332A819A83007D7F40 /* SignUpForm.swift */; };
		609C74362A819B2D007D7F40 /* SignUpError.swift in Sources */ = {isa = PBXBuildFile; fileRef = 609C74352A819B2D007D7F40 /* SignUpError.swift */; };
		609C74382A819B4C007D7F40 /* SignUpSuccess.swift in Sources */ = {isa = PBXBuildFile; fileRef = 609C74372A819B4C007D7F40 /* SignUpSuccess.swift */; };
		60A14BCC2A81C686001DDD43 /* LoginForm.swift in Sources */ = {isa = PBXBuildFile; fileRef = 60A14BCB2A81C686001DDD43 /* LoginForm.swift */; };
		60A14BCE2A81C7B6001DDD43 /* LoginError.swift in Sources */ = {isa = PBXBuildFile; fileRef = 60A14BCD2A81C7B6001DDD43 /* LoginError.swift */; };
		60A14BD02A81C7BD001DDD43 /* LoginSuccess.swift in Sources */ = {isa = PBXBuildFile; fileRef = 60A14BCF2A81C7BD001DDD43 /* LoginSuccess.swift */; };
/* End PBXBuildFile section */

/* Begin PBXFileReference section */
		6002B2192A81848600847727 /* LoginView.swift */ = {isa = PBXFileReference; lastKnownFileType = sourcecode.swift; path = LoginView.swift; sourceTree = "<group>"; };
		6002B21D2A8185AC00847727 /* GradientText.swift */ = {isa = PBXFileReference; lastKnownFileType = sourcecode.swift; path = GradientText.swift; sourceTree = "<group>"; };
		6002B21F2A818B4B00847727 /* GoogleService-Info.plist */ = {isa = PBXFileReference; fileEncoding = 4; lastKnownFileType = text.plist.xml; path = "GoogleService-Info.plist"; sourceTree = "<group>"; };
		6002B22B2A818D4000847727 /* User.swift */ = {isa = PBXFileReference; lastKnownFileType = sourcecode.swift; path = User.swift; sourceTree = "<group>"; };
		6002B22E2A818DC800847727 /* AuthViewModel.swift */ = {isa = PBXFileReference; lastKnownFileType = sourcecode.swift; path = AuthViewModel.swift; sourceTree = "<group>"; };
		6002B2302A81905900847727 /* Auth.swift */ = {isa = PBXFileReference; lastKnownFileType = sourcecode.swift; path = Auth.swift; sourceTree = "<group>"; };
		601C56142A8047900097BCBA /* HomeView.swift */ = {isa = PBXFileReference; lastKnownFileType = sourcecode.swift; path = HomeView.swift; sourceTree = "<group>"; };
		601C562C2A804F440097BCBA /* PrimaryButton.swift */ = {isa = PBXFileReference; lastKnownFileType = sourcecode.swift; path = PrimaryButton.swift; sourceTree = "<group>"; };
		601C562E2A804FC40097BCBA /* SignUpView.swift */ = {isa = PBXFileReference; lastKnownFileType = sourcecode.swift; path = SignUpView.swift; sourceTree = "<group>"; };
		601C56362A8052590097BCBA /* InputTemplate.swift */ = {isa = PBXFileReference; lastKnownFileType = sourcecode.swift; path = InputTemplate.swift; sourceTree = "<group>"; };
		601C56382A8053E30097BCBA /* SecondaryButton.swift */ = {isa = PBXFileReference; lastKnownFileType = sourcecode.swift; path = SecondaryButton.swift; sourceTree = "<group>"; };
		607C39292A8045A1004AB45F /* TaskManager.app */ = {isa = PBXFileReference; explicitFileType = wrapper.application; includeInIndex = 0; path = TaskManager.app; sourceTree = BUILT_PRODUCTS_DIR; };
		607C392C2A8045A1004AB45F /* TaskManagerApp.swift */ = {isa = PBXFileReference; lastKnownFileType = sourcecode.swift; path = TaskManagerApp.swift; sourceTree = "<group>"; };
		607C39302A8045A2004AB45F /* Assets.xcassets */ = {isa = PBXFileReference; lastKnownFileType = folder.assetcatalog; path = Assets.xcassets; sourceTree = "<group>"; };
		607C39332A8045A2004AB45F /* Preview Assets.xcassets */ = {isa = PBXFileReference; lastKnownFileType = folder.assetcatalog; path = "Preview Assets.xcassets"; sourceTree = "<group>"; };
		609C74332A819A83007D7F40 /* SignUpForm.swift */ = {isa = PBXFileReference; lastKnownFileType = sourcecode.swift; path = SignUpForm.swift; sourceTree = "<group>"; };
		609C74352A819B2D007D7F40 /* SignUpError.swift */ = {isa = PBXFileReference; lastKnownFileType = sourcecode.swift; path = SignUpError.swift; sourceTree = "<group>"; };
		609C74372A819B4C007D7F40 /* SignUpSuccess.swift */ = {isa = PBXFileReference; lastKnownFileType = sourcecode.swift; path = SignUpSuccess.swift; sourceTree = "<group>"; };
		60A14BCB2A81C686001DDD43 /* LoginForm.swift */ = {isa = PBXFileReference; lastKnownFileType = sourcecode.swift; path = LoginForm.swift; sourceTree = "<group>"; };
		60A14BCD2A81C7B6001DDD43 /* LoginError.swift */ = {isa = PBXFileReference; lastKnownFileType = sourcecode.swift; path = LoginError.swift; sourceTree = "<group>"; };
		60A14BCF2A81C7BD001DDD43 /* LoginSuccess.swift */ = {isa = PBXFileReference; lastKnownFileType = sourcecode.swift; path = LoginSuccess.swift; sourceTree = "<group>"; };
/* End PBXFileReference section */

/* Begin PBXFrameworksBuildPhase section */
		607C39262A8045A1004AB45F /* Frameworks */ = {
			isa = PBXFrameworksBuildPhase;
			buildActionMask = 2147483647;
			files = (
				6002B2232A818B8F00847727 /* FirebaseAnalytics in Frameworks */,
				6002B2252A818B8F00847727 /* FirebaseAuth in Frameworks */,
				6002B2272A818B8F00847727 /* FirebaseFirestore in Frameworks */,
			);
			runOnlyForDeploymentPostprocessing = 0;
		};
/* End PBXFrameworksBuildPhase section */

/* Begin PBXGroup section */
		6002B22A2A818D3800847727 /* Models */ = {
			isa = PBXGroup;
			children = (
				6002B22B2A818D4000847727 /* User.swift */,
				6002B2302A81905900847727 /* Auth.swift */,
			);
			path = Models;
			sourceTree = "<group>";
		};
		6002B22D2A818DBD00847727 /* ViewModels */ = {
			isa = PBXGroup;
			children = (
				6002B22E2A818DC800847727 /* AuthViewModel.swift */,
			);
			path = ViewModels;
			sourceTree = "<group>";
		};
		601C56162A804A850097BCBA /* Features */ = {
			isa = PBXGroup;
			children = (
				601C561C2A804B0A0097BCBA /* SignUp */,
				601C561B2A804B030097BCBA /* Login */,
				601C56182A804A8E0097BCBA /* Auth */,
				601C56172A804A8A0097BCBA /* Home */,
			);
			path = Features;
			sourceTree = "<group>";
		};
		601C56172A804A8A0097BCBA /* Home */ = {
			isa = PBXGroup;
			children = (
				607C393C2A8046D4004AB45F /* Models */,
				607C393B2A8046CB004AB45F /* ViewModels */,
				607C393A2A8046C6004AB45F /* Views */,
			);
			path = Home;
			sourceTree = "<group>";
		};
		601C56182A804A8E0097BCBA /* Auth */ = {
			isa = PBXGroup;
			children = (
				6002B22D2A818DBD00847727 /* ViewModels */,
				6002B22A2A818D3800847727 /* Models */,
			);
			path = Auth;
			sourceTree = "<group>";
		};
		601C561B2A804B030097BCBA /* Login */ = {
			isa = PBXGroup;
			children = (
				601C56232A804B4F0097BCBA /* Views */,
			);
			path = Login;
			sourceTree = "<group>";
		};
		601C561C2A804B0A0097BCBA /* SignUp */ = {
			isa = PBXGroup;
			children = (
				601C561E2A804B1A0097BCBA /* Views */,
			);
			path = SignUp;
			sourceTree = "<group>";
		};
		601C561E2A804B1A0097BCBA /* Views */ = {
			isa = PBXGroup;
			children = (
				601C562E2A804FC40097BCBA /* SignUpView.swift */,
				609C74332A819A83007D7F40 /* SignUpForm.swift */,
				609C74352A819B2D007D7F40 /* SignUpError.swift */,
				609C74372A819B4C007D7F40 /* SignUpSuccess.swift */,
			);
			path = Views;
			sourceTree = "<group>";
		};
		601C56232A804B4F0097BCBA /* Views */ = {
			isa = PBXGroup;
			children = (
				6002B2192A81848600847727 /* LoginView.swift */,
				60A14BCB2A81C686001DDD43 /* LoginForm.swift */,
				60A14BCD2A81C7B6001DDD43 /* LoginError.swift */,
				60A14BCF2A81C7BD001DDD43 /* LoginSuccess.swift */,
			);
			path = Views;
			sourceTree = "<group>";
		};
		601C562B2A804F300097BCBA /* Components */ = {
			isa = PBXGroup;
			children = (
				601C562C2A804F440097BCBA /* PrimaryButton.swift */,
				601C56362A8052590097BCBA /* InputTemplate.swift */,
				601C56382A8053E30097BCBA /* SecondaryButton.swift */,
				6002B21D2A8185AC00847727 /* GradientText.swift */,
			);
			path = Components;
			sourceTree = "<group>";
		};
		607C39202A8045A1004AB45F = {
			isa = PBXGroup;
			children = (
				607C392B2A8045A1004AB45F /* TaskManager */,
				607C392A2A8045A1004AB45F /* Products */,
			);
			sourceTree = "<group>";
		};
		607C392A2A8045A1004AB45F /* Products */ = {
			isa = PBXGroup;
			children = (
				607C39292A8045A1004AB45F /* TaskManager.app */,
			);
			name = Products;
			sourceTree = "<group>";
		};
		607C392B2A8045A1004AB45F /* TaskManager */ = {
			isa = PBXGroup;
			children = (
				6002B21F2A818B4B00847727 /* GoogleService-Info.plist */,
				601C562B2A804F300097BCBA /* Components */,
				601C56162A804A850097BCBA /* Features */,
				607C392C2A8045A1004AB45F /* TaskManagerApp.swift */,
				607C39302A8045A2004AB45F /* Assets.xcassets */,
				607C39322A8045A2004AB45F /* Preview Content */,
			);
			path = TaskManager;
			sourceTree = "<group>";
		};
		607C39322A8045A2004AB45F /* Preview Content */ = {
			isa = PBXGroup;
			children = (
				607C39332A8045A2004AB45F /* Preview Assets.xcassets */,
			);
			path = "Preview Content";
			sourceTree = "<group>";
		};
		607C393A2A8046C6004AB45F /* Views */ = {
			isa = PBXGroup;
			children = (
				601C56142A8047900097BCBA /* HomeView.swift */,
			);
			path = Views;
			sourceTree = "<group>";
		};
		607C393B2A8046CB004AB45F /* ViewModels */ = {
			isa = PBXGroup;
			children = (
			);
			path = ViewModels;
			sourceTree = "<group>";
		};
		607C393C2A8046D4004AB45F /* Models */ = {
			isa = PBXGroup;
			children = (
			);
			path = Models;
			sourceTree = "<group>";
		};
/* End PBXGroup section */

/* Begin PBXNativeTarget section */
		607C39282A8045A1004AB45F /* TaskManager */ = {
			isa = PBXNativeTarget;
			buildConfigurationList = 607C39372A8045A2004AB45F /* Build configuration list for PBXNativeTarget "TaskManager" */;
			buildPhases = (
				607C39252A8045A1004AB45F /* Sources */,
				607C39262A8045A1004AB45F /* Frameworks */,
				607C39272A8045A1004AB45F /* Resources */,
			);
			buildRules = (
			);
			dependencies = (
			);
			name = TaskManager;
			packageProductDependencies = (
				6002B2222A818B8F00847727 /* FirebaseAnalytics */,
				6002B2242A818B8F00847727 /* FirebaseAuth */,
				6002B2262A818B8F00847727 /* FirebaseFirestore */,
			);
			productName = TaskManager;
			productReference = 607C39292A8045A1004AB45F /* TaskManager.app */;
			productType = "com.apple.product-type.application";
		};
/* End PBXNativeTarget section */

/* Begin PBXProject section */
		607C39212A8045A1004AB45F /* Project object */ = {
			isa = PBXProject;
			attributes = {
				BuildIndependentTargetsInParallel = 1;
				LastSwiftUpdateCheck = 1410;
				LastUpgradeCheck = 1410;
				TargetAttributes = {
					607C39282A8045A1004AB45F = {
						CreatedOnToolsVersion = 14.1;
					};
				};
			};
			buildConfigurationList = 607C39242A8045A1004AB45F /* Build configuration list for PBXProject "TaskManager" */;
			compatibilityVersion = "Xcode 14.0";
			developmentRegion = en;
			hasScannedForEncodings = 0;
			knownRegions = (
				en,
				Base,
			);
			mainGroup = 607C39202A8045A1004AB45F;
			packageReferences = (
				6002B2212A818B8F00847727 /* XCRemoteSwiftPackageReference "firebase-ios-sdk" */,
			);
			productRefGroup = 607C392A2A8045A1004AB45F /* Products */;
			projectDirPath = "";
			projectRoot = "";
			targets = (
				607C39282A8045A1004AB45F /* TaskManager */,
			);
		};
/* End PBXProject section */

/* Begin PBXResourcesBuildPhase section */
		607C39272A8045A1004AB45F /* Resources */ = {
			isa = PBXResourcesBuildPhase;
			buildActionMask = 2147483647;
			files = (
				607C39342A8045A2004AB45F /* Preview Assets.xcassets in Resources */,
				607C39312A8045A2004AB45F /* Assets.xcassets in Resources */,
				6002B2202A818B4B00847727 /* GoogleService-Info.plist in Resources */,
			);
			runOnlyForDeploymentPostprocessing = 0;
		};
/* End PBXResourcesBuildPhase section */

/* Begin PBXSourcesBuildPhase section */
		607C39252A8045A1004AB45F /* Sources */ = {
			isa = PBXSourcesBuildPhase;
			buildActionMask = 2147483647;
			files = (
				601C562F2A804FC40097BCBA /* SignUpView.swift in Sources */,
				601C562D2A804F440097BCBA /* PrimaryButton.swift in Sources */,
				601C56372A8052590097BCBA /* InputTemplate.swift in Sources */,
				609C74382A819B4C007D7F40 /* SignUpSuccess.swift in Sources */,
				601C56392A8053E30097BCBA /* SecondaryButton.swift in Sources */,
				607C392D2A8045A1004AB45F /* TaskManagerApp.swift in Sources */,
				609C74342A819A83007D7F40 /* SignUpForm.swift in Sources */,
				60A14BCE2A81C7B6001DDD43 /* LoginError.swift in Sources */,
				60A14BCC2A81C686001DDD43 /* LoginForm.swift in Sources */,
				60A14BD02A81C7BD001DDD43 /* LoginSuccess.swift in Sources */,
				609C74362A819B2D007D7F40 /* SignUpError.swift in Sources */,
				6002B21E2A8185AC00847727 /* GradientText.swift in Sources */,
				6002B22C2A818D4000847727 /* User.swift in Sources */,
				6002B21A2A81848600847727 /* LoginView.swift in Sources */,
				601C56152A8047900097BCBA /* HomeView.swift in Sources */,
				6002B22F2A818DC800847727 /* AuthViewModel.swift in Sources */,
				6002B2312A81905900847727 /* Auth.swift in Sources */,
			);
			runOnlyForDeploymentPostprocessing = 0;
		};
/* End PBXSourcesBuildPhase section */

/* Begin XCBuildConfiguration section */
		607C39352A8045A2004AB45F /* Debug */ = {
			isa = XCBuildConfiguration;
			buildSettings = {
				ALWAYS_SEARCH_USER_PATHS = NO;
				CLANG_ANALYZER_NONNULL = YES;
				CLANG_ANALYZER_NUMBER_OBJECT_CONVERSION = YES_AGGRESSIVE;
				CLANG_CXX_LANGUAGE_STANDARD = "gnu++20";
				CLANG_ENABLE_MODULES = YES;
				CLANG_ENABLE_OBJC_ARC = YES;
				CLANG_ENABLE_OBJC_WEAK = YES;
				CLANG_WARN_BLOCK_CAPTURE_AUTORELEASING = YES;
				CLANG_WARN_BOOL_CONVERSION = YES;
				CLANG_WARN_COMMA = YES;
				CLANG_WARN_CONSTANT_CONVERSION = YES;
				CLANG_WARN_DEPRECATED_OBJC_IMPLEMENTATIONS = YES;
				CLANG_WARN_DIRECT_OBJC_ISA_USAGE = YES_ERROR;
				CLANG_WARN_DOCUMENTATION_COMMENTS = YES;
				CLANG_WARN_EMPTY_BODY = YES;
				CLANG_WARN_ENUM_CONVERSION = YES;
				CLANG_WARN_INFINITE_RECURSION = YES;
				CLANG_WARN_INT_CONVERSION = YES;
				CLANG_WARN_NON_LITERAL_NULL_CONVERSION = YES;
				CLANG_WARN_OBJC_IMPLICIT_RETAIN_SELF = YES;
				CLANG_WARN_OBJC_LITERAL_CONVERSION = YES;
				CLANG_WARN_OBJC_ROOT_CLASS = YES_ERROR;
				CLANG_WARN_QUOTED_INCLUDE_IN_FRAMEWORK_HEADER = YES;
				CLANG_WARN_RANGE_LOOP_ANALYSIS = YES;
				CLANG_WARN_STRICT_PROTOTYPES = YES;
				CLANG_WARN_SUSPICIOUS_MOVE = YES;
				CLANG_WARN_UNGUARDED_AVAILABILITY = YES_AGGRESSIVE;
				CLANG_WARN_UNREACHABLE_CODE = YES;
				CLANG_WARN__DUPLICATE_METHOD_MATCH = YES;
				COPY_PHASE_STRIP = NO;
				DEBUG_INFORMATION_FORMAT = dwarf;
				ENABLE_STRICT_OBJC_MSGSEND = YES;
				ENABLE_TESTABILITY = YES;
				GCC_C_LANGUAGE_STANDARD = gnu11;
				GCC_DYNAMIC_NO_PIC = NO;
				GCC_NO_COMMON_BLOCKS = YES;
				GCC_OPTIMIZATION_LEVEL = 0;
				GCC_PREPROCESSOR_DEFINITIONS = (
					"DEBUG=1",
					"$(inherited)",
				);
				GCC_WARN_64_TO_32_BIT_CONVERSION = YES;
				GCC_WARN_ABOUT_RETURN_TYPE = YES_ERROR;
				GCC_WARN_UNDECLARED_SELECTOR = YES;
				GCC_WARN_UNINITIALIZED_AUTOS = YES_AGGRESSIVE;
				GCC_WARN_UNUSED_FUNCTION = YES;
				GCC_WARN_UNUSED_VARIABLE = YES;
				IPHONEOS_DEPLOYMENT_TARGET = 16.1;
				MTL_ENABLE_DEBUG_INFO = INCLUDE_SOURCE;
				MTL_FAST_MATH = YES;
				ONLY_ACTIVE_ARCH = YES;
				SDKROOT = iphoneos;
				SWIFT_ACTIVE_COMPILATION_CONDITIONS = DEBUG;
				SWIFT_OPTIMIZATION_LEVEL = "-Onone";
			};
			name = Debug;
		};
		607C39362A8045A2004AB45F /* Release */ = {
			isa = XCBuildConfiguration;
			buildSettings = {
				ALWAYS_SEARCH_USER_PATHS = NO;
				CLANG_ANALYZER_NONNULL = YES;
				CLANG_ANALYZER_NUMBER_OBJECT_CONVERSION = YES_AGGRESSIVE;
				CLANG_CXX_LANGUAGE_STANDARD = "gnu++20";
				CLANG_ENABLE_MODULES = YES;
				CLANG_ENABLE_OBJC_ARC = YES;
				CLANG_ENABLE_OBJC_WEAK = YES;
				CLANG_WARN_BLOCK_CAPTURE_AUTORELEASING = YES;
				CLANG_WARN_BOOL_CONVERSION = YES;
				CLANG_WARN_COMMA = YES;
				CLANG_WARN_CONSTANT_CONVERSION = YES;
				CLANG_WARN_DEPRECATED_OBJC_IMPLEMENTATIONS = YES;
				CLANG_WARN_DIRECT_OBJC_ISA_USAGE = YES_ERROR;
				CLANG_WARN_DOCUMENTATION_COMMENTS = YES;
				CLANG_WARN_EMPTY_BODY = YES;
				CLANG_WARN_ENUM_CONVERSION = YES;
				CLANG_WARN_INFINITE_RECURSION = YES;
				CLANG_WARN_INT_CONVERSION = YES;
				CLANG_WARN_NON_LITERAL_NULL_CONVERSION = YES;
				CLANG_WARN_OBJC_IMPLICIT_RETAIN_SELF = YES;
				CLANG_WARN_OBJC_LITERAL_CONVERSION = YES;
				CLANG_WARN_OBJC_ROOT_CLASS = YES_ERROR;
				CLANG_WARN_QUOTED_INCLUDE_IN_FRAMEWORK_HEADER = YES;
				CLANG_WARN_RANGE_LOOP_ANALYSIS = YES;
				CLANG_WARN_STRICT_PROTOTYPES = YES;
				CLANG_WARN_SUSPICIOUS_MOVE = YES;
				CLANG_WARN_UNGUARDED_AVAILABILITY = YES_AGGRESSIVE;
				CLANG_WARN_UNREACHABLE_CODE = YES;
				CLANG_WARN__DUPLICATE_METHOD_MATCH = YES;
				COPY_PHASE_STRIP = NO;
				DEBUG_INFORMATION_FORMAT = "dwarf-with-dsym";
				ENABLE_NS_ASSERTIONS = NO;
				ENABLE_STRICT_OBJC_MSGSEND = YES;
				GCC_C_LANGUAGE_STANDARD = gnu11;
				GCC_NO_COMMON_BLOCKS = YES;
				GCC_WARN_64_TO_32_BIT_CONVERSION = YES;
				GCC_WARN_ABOUT_RETURN_TYPE = YES_ERROR;
				GCC_WARN_UNDECLARED_SELECTOR = YES;
				GCC_WARN_UNINITIALIZED_AUTOS = YES_AGGRESSIVE;
				GCC_WARN_UNUSED_FUNCTION = YES;
				GCC_WARN_UNUSED_VARIABLE = YES;
				IPHONEOS_DEPLOYMENT_TARGET = 16.1;
				MTL_ENABLE_DEBUG_INFO = NO;
				MTL_FAST_MATH = YES;
				SDKROOT = iphoneos;
				SWIFT_COMPILATION_MODE = wholemodule;
				SWIFT_OPTIMIZATION_LEVEL = "-O";
				VALIDATE_PRODUCT = YES;
			};
			name = Release;
		};
		607C39382A8045A2004AB45F /* Debug */ = {
			isa = XCBuildConfiguration;
			buildSettings = {
				ASSETCATALOG_COMPILER_APPICON_NAME = AppIcon;
				ASSETCATALOG_COMPILER_GLOBAL_ACCENT_COLOR_NAME = AccentColor;
				CODE_SIGN_STYLE = Automatic;
				CURRENT_PROJECT_VERSION = 1;
				DEVELOPMENT_ASSET_PATHS = "\"TaskManager/Preview Content\"";
				DEVELOPMENT_TEAM = YCRU46LB4G;
				ENABLE_PREVIEWS = YES;
				GENERATE_INFOPLIST_FILE = YES;
				INFOPLIST_KEY_UIApplicationSceneManifest_Generation = YES;
				INFOPLIST_KEY_UIApplicationSupportsIndirectInputEvents = YES;
				INFOPLIST_KEY_UILaunchScreen_Generation = YES;
				INFOPLIST_KEY_UISupportedInterfaceOrientations_iPad = "UIInterfaceOrientationPortrait UIInterfaceOrientationPortraitUpsideDown UIInterfaceOrientationLandscapeLeft UIInterfaceOrientationLandscapeRight";
				INFOPLIST_KEY_UISupportedInterfaceOrientations_iPhone = "UIInterfaceOrientationPortrait UIInterfaceOrientationLandscapeLeft UIInterfaceOrientationLandscapeRight";
				LD_RUNPATH_SEARCH_PATHS = (
					"$(inherited)",
					"@executable_path/Frameworks",
				);
				MARKETING_VERSION = 1.0;
				PRODUCT_BUNDLE_IDENTIFIER = com.rodrigoalanisfswd.TaskManager;
				PRODUCT_NAME = "$(TARGET_NAME)";
				SWIFT_EMIT_LOC_STRINGS = YES;
				SWIFT_VERSION = 5.0;
				TARGETED_DEVICE_FAMILY = "1,2";
			};
			name = Debug;
		};
		607C39392A8045A2004AB45F /* Release */ = {
			isa = XCBuildConfiguration;
			buildSettings = {
				ASSETCATALOG_COMPILER_APPICON_NAME = AppIcon;
				ASSETCATALOG_COMPILER_GLOBAL_ACCENT_COLOR_NAME = AccentColor;
				CODE_SIGN_STYLE = Automatic;
				CURRENT_PROJECT_VERSION = 1;
				DEVELOPMENT_ASSET_PATHS = "\"TaskManager/Preview Content\"";
				DEVELOPMENT_TEAM = YCRU46LB4G;
				ENABLE_PREVIEWS = YES;
				GENERATE_INFOPLIST_FILE = YES;
				INFOPLIST_KEY_UIApplicationSceneManifest_Generation = YES;
				INFOPLIST_KEY_UIApplicationSupportsIndirectInputEvents = YES;
				INFOPLIST_KEY_UILaunchScreen_Generation = YES;
				INFOPLIST_KEY_UISupportedInterfaceOrientations_iPad = "UIInterfaceOrientationPortrait UIInterfaceOrientationPortraitUpsideDown UIInterfaceOrientationLandscapeLeft UIInterfaceOrientationLandscapeRight";
				INFOPLIST_KEY_UISupportedInterfaceOrientations_iPhone = "UIInterfaceOrientationPortrait UIInterfaceOrientationLandscapeLeft UIInterfaceOrientationLandscapeRight";
				LD_RUNPATH_SEARCH_PATHS = (
					"$(inherited)",
					"@executable_path/Frameworks",
				);
				MARKETING_VERSION = 1.0;
				PRODUCT_BUNDLE_IDENTIFIER = com.rodrigoalanisfswd.TaskManager;
				PRODUCT_NAME = "$(TARGET_NAME)";
				SWIFT_EMIT_LOC_STRINGS = YES;
				SWIFT_VERSION = 5.0;
				TARGETED_DEVICE_FAMILY = "1,2";
			};
			name = Release;
		};
/* End XCBuildConfiguration section */

/* Begin XCConfigurationList section */
		607C39242A8045A1004AB45F /* Build configuration list for PBXProject "TaskManager" */ = {
			isa = XCConfigurationList;
			buildConfigurations = (
				607C39352A8045A2004AB45F /* Debug */,
				607C39362A8045A2004AB45F /* Release */,
			);
			defaultConfigurationIsVisible = 0;
			defaultConfigurationName = Release;
		};
		607C39372A8045A2004AB45F /* Build configuration list for PBXNativeTarget "TaskManager" */ = {
			isa = XCConfigurationList;
			buildConfigurations = (
				607C39382A8045A2004AB45F /* Debug */,
				607C39392A8045A2004AB45F /* Release */,
			);
			defaultConfigurationIsVisible = 0;
			defaultConfigurationName = Release;
		};
/* End XCConfigurationList section */

/* Begin XCRemoteSwiftPackageReference section */
		6002B2212A818B8F00847727 /* XCRemoteSwiftPackageReference "firebase-ios-sdk" */ = {
			isa = XCRemoteSwiftPackageReference;
			repositoryURL = "https://github.com/firebase/firebase-ios-sdk.git";
			requirement = {
				branch = master;
				kind = branch;
			};
		};
/* End XCRemoteSwiftPackageReference section */

/* Begin XCSwiftPackageProductDependency section */
		6002B2222A818B8F00847727 /* FirebaseAnalytics */ = {
			isa = XCSwiftPackageProductDependency;
			package = 6002B2212A818B8F00847727 /* XCRemoteSwiftPackageReference "firebase-ios-sdk" */;
			productName = FirebaseAnalytics;
		};
		6002B2242A818B8F00847727 /* FirebaseAuth */ = {
			isa = XCSwiftPackageProductDependency;
			package = 6002B2212A818B8F00847727 /* XCRemoteSwiftPackageReference "firebase-ios-sdk" */;
			productName = FirebaseAuth;
		};
		6002B2262A818B8F00847727 /* FirebaseFirestore */ = {
			isa = XCSwiftPackageProductDependency;
			package = 6002B2212A818B8F00847727 /* XCRemoteSwiftPackageReference "firebase-ios-sdk" */;
			productName = FirebaseFirestore;
		};
/* End XCSwiftPackageProductDependency section */
	};
	rootObject = 607C39212A8045A1004AB45F /* Project object */;
}
